
Microsoft Visual Studio Solution File, Format Version 12.00
# Visual Studio 15
VisualStudioVersion = 15.0.27428.2043
MinimumVisualStudioVersion = 10.0.40219.1
Project("{FAE04EC0-301F-11D3-BF4B-00C04F79EFBC}") = "ChatRoom", "ChatRoom\ChatRoom.csproj", "{BFB96FBA-2FB5-4127-9F1F-4CE49926D344}"
EndProject
Project("{FAE04EC0-301F-11D3-BF4B-00C04F79EFBC}") = "WebSocket_One", "WebSocket_One\WebSocket_One.csproj", "{CFC03C82-1E61-4A94-8D93-D2072B042E4B}"
EndProject
Project("{FAE04EC0-301F-11D3-BF4B-00C04F79EFBC}") = "ChatRoom_2", "ChatRoom_2\ChatRoom_2.csproj", "{B3F02389-184B-41E5-84DF-145AB2B2631D}"
EndProject
Global
	GlobalSection(SolutionConfigurationPlatforms) = preSolution
		Debug|Any CPU = Debug|Any CPU
		Release|Any CPU = Release|Any CPU
	EndGlobalSection
	GlobalSection(ProjectConfigurationPlatforms) = postSolution
		{BFB96FBA-2FB5-4127-9F1F-4CE49926D344}.Debug|Any CPU.ActiveCfg = Debug|Any CPU
		{BFB96FBA-2FB5-4127-9F1F-4CE49926D344}.Debug|Any CPU.Build.0 = Debug|Any CPU
		{BFB96FBA-2FB5-4127-9F1F-4CE49926D344}.Release|Any CPU.ActiveCfg = Release|Any CPU
		{BFB96FBA-2FB5-4127-9F1F-4CE49926D344}.Release|Any CPU.Build.0 = Release|Any CPU
		{CFC03C82-1E61-4A94-8D93-D2072B042E4B}.Debug|Any CPU.ActiveCfg = Debug|Any CPU
		{CFC03C82-1E61-4A94-8D93-D2072B042E4B}.Debug|Any CPU.Build.0 = Debug|Any CPU
		{CFC03C82-1E61-4A94-8D93-D2072B042E4B}.Release|Any CPU.ActiveCfg = Release|Any CPU
		{CFC03C82-1E61-4A94-8D93-D2072B042E4B}.Release|Any CPU.Build.0 = Release|Any CPU
		{B3F02389-184B-41E5-84DF-145AB2B2631D}.Debug|Any CPU.ActiveCfg = Debug|Any CPU
		{B3F02389-184B-41E5-84DF-145AB2B2631D}.Debug|Any CPU.Build.0 = Debug|Any CPU
		{B3F02389-184B-41E5-84DF-145AB2B2631D}.Release|Any CPU.ActiveCfg = Release|Any CPU
		{B3F02389-184B-41E5-84DF-145AB2B2631D}.Release|Any CPU.Build.0 = Release|Any CPU
	EndGlobalSection
	GlobalSection(SolutionProperties) = preSolution
		HideSolutionNode = FALSE
	EndGlobalSection
	GlobalSection(ExtensibilityGlobals) = postSolution
		SolutionGuid = {E77DF52D-0B1C-45ED-8E2D-BE50013B2DE2}
	EndGlobalSection
EndGlobal
